
Microsoft Visual Studio Solution File, Format Version 12.00
# Visual Studio Version 16
VisualStudioVersion = 16.0.29709.97
MinimumVisualStudioVersion = 10.0.40219.1
Project("{9A19103F-16F7-4668-BE54-9A1E7A4F7556}") = "ToggleScheme", "ToggleScheme\ToggleScheme.csproj", "{C3400EC3-7D09-4151-8FFD-1AD4F68333CA}"
EndProject
Project("{9A19103F-16F7-4668-BE54-9A1E7A4F7556}") = "SLM", "..\Modules\SLM\SLM\SLM.csproj", "{55C79281-EE5A-4B31-9988-A0E62E1E81AA}"
EndProject
Global
	GlobalSection(SolutionConfigurationPlatforms) = preSolution
		Debug|Any CPU = Debug|Any CPU
		Release|Any CPU = Release|Any CPU
	EndGlobalSection
	GlobalSection(ProjectConfigurationPlatforms) = postSolution
		{C3400EC3-7D09-4151-8FFD-1AD4F68333CA}.Debug|Any CPU.ActiveCfg = Debug|Any CPU
		{C3400EC3-7D09-4151-8FFD-1AD4F68333CA}.Debug|Any CPU.Build.0 = Debug|Any CPU
		{C3400EC3-7D09-4151-8FFD-1AD4F68333CA}.Release|Any CPU.ActiveCfg = Release|Any CPU
		{C3400EC3-7D09-4151-8FFD-1AD4F68333CA}.Release|Any CPU.Build.0 = Release|Any CPU
		{55C79281-EE5A-4B31-9988-A0E62E1E81AA}.Debug|Any CPU.ActiveCfg = Debug|Any CPU
		{55C79281-EE5A-4B31-9988-A0E62E1E81AA}.Debug|Any CPU.Build.0 = Debug|Any CPU
		{55C79281-EE5A-4B31-9988-A0E62E1E81AA}.Release|Any CPU.ActiveCfg = Release|Any CPU
		{55C79281-EE5A-4B31-9988-A0E62E1E81AA}.Release|Any CPU.Build.0 = Release|Any CPU
	EndGlobalSection
	GlobalSection(SolutionProperties) = preSolution
		HideSolutionNode = FALSE
	EndGlobalSection
	GlobalSection(ExtensibilityGlobals) = postSolution
		SolutionGuid = {CB62C3D4-DCD4-4598-8F46-54886298C541}
	EndGlobalSection
EndGlobal
