
Microsoft Visual Studio Solution File, Format Version 12.00
# Visual Studio Version 16
VisualStudioVersion = 16.0.30128.74
MinimumVisualStudioVersion = 10.0.40219.1
Project("{FAE04EC0-301F-11D3-BF4B-00C04F79EFBC}") = "Websocket", "Websocket\Websocket.csproj", "{BCCEE4F7-D99D-492A-B9A6-950D9A65F2DE}"
EndProject
Global
	GlobalSection(SolutionConfigurationPlatforms) = preSolution
		Debug|Any CPU = Debug|Any CPU
		Release|Any CPU = Release|Any CPU
	EndGlobalSection
	GlobalSection(ProjectConfigurationPlatforms) = postSolution
		{BCCEE4F7-D99D-492A-B9A6-950D9A65F2DE}.Debug|Any CPU.ActiveCfg = Debug|Any CPU
		{BCCEE4F7-D99D-492A-B9A6-950D9A65F2DE}.Debug|Any CPU.Build.0 = Debug|Any CPU
		{BCCEE4F7-D99D-492A-B9A6-950D9A65F2DE}.Release|Any CPU.ActiveCfg = Release|Any CPU
		{BCCEE4F7-D99D-492A-B9A6-950D9A65F2DE}.Release|Any CPU.Build.0 = Release|Any CPU
	EndGlobalSection
	GlobalSection(SolutionProperties) = preSolution
		HideSolutionNode = FALSE
	EndGlobalSection
	GlobalSection(ExtensibilityGlobals) = postSolution
		SolutionGuid = {AE06CCE3-5F85-4036-AAA1-48EE4E2BD423}
	EndGlobalSection
EndGlobal
