
Microsoft Visual Studio Solution File, Format Version 12.00
# Visual Studio Version 16
VisualStudioVersion = 16.0.30114.105
MinimumVisualStudioVersion = 10.0.40219.1
Project("{9A19103F-16F7-4668-BE54-9A1E7A4F7556}") = "StreamLaEQ", "OpenAPI\StreamLaEQ.csproj", "{12717E65-5717-4DD7-8E6E-1B55C3BAC214}"
EndProject
Project("{9A19103F-16F7-4668-BE54-9A1E7A4F7556}") = "Websocket", "..\Modules\Websocket\Websocket\Websocket.csproj", "{8C86FB10-C1BD-48B4-8AA8-D21F8B43EA89}"
EndProject
Project("{9A19103F-16F7-4668-BE54-9A1E7A4F7556}") = "SLM", "..\Modules\SLM\SLM\SLM.csproj", "{D6EC1E37-E50C-4FA3-A6D3-0A2B5A378C23}"
EndProject
Global
	GlobalSection(SolutionConfigurationPlatforms) = preSolution
		Debug|Any CPU = Debug|Any CPU
		Release|Any CPU = Release|Any CPU
	EndGlobalSection
	GlobalSection(ProjectConfigurationPlatforms) = postSolution
		{12717E65-5717-4DD7-8E6E-1B55C3BAC214}.Debug|Any CPU.ActiveCfg = Debug|Any CPU
		{12717E65-5717-4DD7-8E6E-1B55C3BAC214}.Debug|Any CPU.Build.0 = Debug|Any CPU
		{12717E65-5717-4DD7-8E6E-1B55C3BAC214}.Release|Any CPU.ActiveCfg = Release|Any CPU
		{12717E65-5717-4DD7-8E6E-1B55C3BAC214}.Release|Any CPU.Build.0 = Release|Any CPU
		{8C86FB10-C1BD-48B4-8AA8-D21F8B43EA89}.Debug|Any CPU.ActiveCfg = Debug|Any CPU
		{8C86FB10-C1BD-48B4-8AA8-D21F8B43EA89}.Debug|Any CPU.Build.0 = Debug|Any CPU
		{8C86FB10-C1BD-48B4-8AA8-D21F8B43EA89}.Release|Any CPU.ActiveCfg = Release|Any CPU
		{8C86FB10-C1BD-48B4-8AA8-D21F8B43EA89}.Release|Any CPU.Build.0 = Release|Any CPU
		{D6EC1E37-E50C-4FA3-A6D3-0A2B5A378C23}.Debug|Any CPU.ActiveCfg = Debug|Any CPU
		{D6EC1E37-E50C-4FA3-A6D3-0A2B5A378C23}.Debug|Any CPU.Build.0 = Debug|Any CPU
		{D6EC1E37-E50C-4FA3-A6D3-0A2B5A378C23}.Release|Any CPU.ActiveCfg = Release|Any CPU
		{D6EC1E37-E50C-4FA3-A6D3-0A2B5A378C23}.Release|Any CPU.Build.0 = Release|Any CPU
	EndGlobalSection
	GlobalSection(SolutionProperties) = preSolution
		HideSolutionNode = FALSE
	EndGlobalSection
	GlobalSection(ExtensibilityGlobals) = postSolution
		SolutionGuid = {462D3A1D-9215-4BCF-9373-22685B2C35EC}
	EndGlobalSection
EndGlobal
